{
    "hash": "40f3f7260445b35218551b3dd5688cb7",
    "packages": [
        {
            "name": "symfony/yaml",
            "version": "dev-master",
            "target-dir": "Symfony/Component/Yaml",
            "source": {
                "type": "git",
                "url": "https://github.com/symfony/Yaml",
                "reference": "f1f0e0fea2bc568492ba1e25c2f88888d38459ca"
            },
            "dist": {
                "type": "zip",
                "url": "https://github.com/symfony/Yaml/zipball/f1f0e0fea2bc568492ba1e25c2f88888d38459ca",
                "reference": "f1f0e0fea2bc568492ba1e25c2f88888d38459ca",
                "shasum": ""
            },
            "require": {
                "php": ">=5.3.3"
            },
            "time": "1347987929",
            "type": "library",
            "extra": {
                "branch-alias": {
                    "dev-master": "2.2-dev"
                }
            },
            "installation-source": "source",
            "autoload": {
                "psr-0": {
                    "Symfony\\Component\\Yaml": ""
                }
            },
            "license": [
                "MIT"
            ],
            "authors": [
                {
                    "name": "Fabien Potencier",
                    "email": "fabien@symfony.com"
                },
                {
                    "name": "Symfony Community",
                    "homepage": "http://symfony.com/contributors"
                }
            ],
            "description": "Symfony Yaml Component",
            "homepage": "http://symfony.com"
        }
    ],
    "packages-dev": null,
    "aliases": [

    ],
    "minimum-stability": "stable",
    "stability-flags": {
        "symfony/yaml": 20
    }
}
