{
    "hash": "8e8fdf723a6b4f6e412dc9fcfbffc025",
    "packages": [
        {
            "package": "symfony/yaml",
            "version": "dev-master",
            "alias-pretty-version": "2.2.x-dev",
            "alias-version": "2.2.9999999.9999999-dev"
        },
        {
            "package": "symfony/yaml",
            "version": "dev-master",
            "source-reference": "826fe43a6e3b330d79e711d2fc02540af8d10f61",
            "commit-date": "1346957130"
        }
    ],
    "packages-dev": null,
    "aliases": [

    ],
    "minimum-stability": "stable",
    "stability-flags": [

    ]
}
